
Microsoft Visual Studio Solution File, Format Version 12.00
# Visual Studio Version 17
VisualStudioVersion = 17.1.32210.238
MinimumVisualStudioVersion = 10.0.40219.1
Project("{FAE04EC0-301F-11D3-BF4B-00C04F79EFBC}") = "testing", "testing.csproj", "{60ED9996-149C-4907-8A8F-641BB1E6B519}"
EndProject
Global
	GlobalSection(SolutionConfigurationPlatforms) = preSolution
		Debug|Any CPU = Debug|Any CPU
		Release|Any CPU = Release|Any CPU
	EndGlobalSection
	GlobalSection(ProjectConfigurationPlatforms) = postSolution
		{60ED9996-149C-4907-8A8F-641BB1E6B519}.Debug|Any CPU.ActiveCfg = Debug|Any CPU
		{60ED9996-149C-4907-8A8F-641BB1E6B519}.Debug|Any CPU.Build.0 = Debug|Any CPU
		{60ED9996-149C-4907-8A8F-641BB1E6B519}.Release|Any CPU.ActiveCfg = Release|Any CPU
		{60ED9996-149C-4907-8A8F-641BB1E6B519}.Release|Any CPU.Build.0 = Release|Any CPU
	EndGlobalSection
	GlobalSection(SolutionProperties) = preSolution
		HideSolutionNode = FALSE
	EndGlobalSection
	GlobalSection(ExtensibilityGlobals) = postSolution
		SolutionGuid = {A9A663DC-A488-47AF-B1D6-F7789BB37145}
	EndGlobalSection
EndGlobal
